
Microsoft Visual Studio Solution File, Format Version 12.00
# Visual Studio Version 17
VisualStudioVersion = 17.10.35122.118
MinimumVisualStudioVersion = 10.0.40219.1
Project("{FAE04EC0-301F-11D3-BF4B-00C04F79EFBC}") = "softone-task-management-backend", "softone-task-management-backend.csproj", "{05AFCFF4-8331-45EC-97B3-1AF8948FE877}"
EndProject
Global
	GlobalSection(SolutionConfigurationPlatforms) = preSolution
		Debug|Any CPU = Debug|Any CPU
		Release|Any CPU = Release|Any CPU
	EndGlobalSection
	GlobalSection(ProjectConfigurationPlatforms) = postSolution
		{05AFCFF4-8331-45EC-97B3-1AF8948FE877}.Debug|Any CPU.ActiveCfg = Debug|Any CPU
		{05AFCFF4-8331-45EC-97B3-1AF8948FE877}.Debug|Any CPU.Build.0 = Debug|Any CPU
		{05AFCFF4-8331-45EC-97B3-1AF8948FE877}.Release|Any CPU.ActiveCfg = Release|Any CPU
		{05AFCFF4-8331-45EC-97B3-1AF8948FE877}.Release|Any CPU.Build.0 = Release|Any CPU
	EndGlobalSection
	GlobalSection(SolutionProperties) = preSolution
		HideSolutionNode = FALSE
	EndGlobalSection
	GlobalSection(ExtensibilityGlobals) = postSolution
		SolutionGuid = {49B269FA-D7B9-4870-964D-03DB0FDF146F}
	EndGlobalSection
EndGlobal
